
Microsoft Visual Studio Solution File, Format Version 12.00
# Visual Studio Version 16
VisualStudioVersion = 16.0.31727.386
MinimumVisualStudioVersion = 10.0.40219.1
Project("{9A19103F-16F7-4668-BE54-9A1E7A4F7556}") = "SisEscola.Cadastro.Domain", "src\SisEscola.Cadastro.Domain\SisEscola.Cadastro.Domain.csproj", "{7D3A6832-AB1D-45A4-8721-3CCCE8D917A2}"
EndProject
Project("{FAE04EC0-301F-11D3-BF4B-00C04F79EFBC}") = "SisEscola.Core", "src\SisEscola.Core\SisEscola.Core.csproj", "{79E4F5B6-C9C3-4C4D-A4BE-74F81E6371EB}"
EndProject
Project("{FAE04EC0-301F-11D3-BF4B-00C04F79EFBC}") = "SisEscola.Cadastro.Infra.Data", "src\SisEscola.Cadastro.Infra.Data\SisEscola.Cadastro.Infra.Data.csproj", "{41174E70-A62E-4CEC-93C3-C975D2AC1075}"
EndProject
Project("{FAE04EC0-301F-11D3-BF4B-00C04F79EFBC}") = "SisEscola.Cadastro.Api", "src\SisEscola.Cadastro.Api\SisEscola.Cadastro.Api.csproj", "{AC4018B1-0769-4FE7-9099-2BA4AE95949E}"
EndProject
Global
	GlobalSection(SolutionConfigurationPlatforms) = preSolution
		Debug|Any CPU = Debug|Any CPU
		Release|Any CPU = Release|Any CPU
	EndGlobalSection
	GlobalSection(ProjectConfigurationPlatforms) = postSolution
		{7D3A6832-AB1D-45A4-8721-3CCCE8D917A2}.Debug|Any CPU.ActiveCfg = Debug|Any CPU
		{7D3A6832-AB1D-45A4-8721-3CCCE8D917A2}.Debug|Any CPU.Build.0 = Debug|Any CPU
		{7D3A6832-AB1D-45A4-8721-3CCCE8D917A2}.Release|Any CPU.ActiveCfg = Release|Any CPU
		{7D3A6832-AB1D-45A4-8721-3CCCE8D917A2}.Release|Any CPU.Build.0 = Release|Any CPU
		{79E4F5B6-C9C3-4C4D-A4BE-74F81E6371EB}.Debug|Any CPU.ActiveCfg = Debug|Any CPU
		{79E4F5B6-C9C3-4C4D-A4BE-74F81E6371EB}.Debug|Any CPU.Build.0 = Debug|Any CPU
		{79E4F5B6-C9C3-4C4D-A4BE-74F81E6371EB}.Release|Any CPU.ActiveCfg = Release|Any CPU
		{79E4F5B6-C9C3-4C4D-A4BE-74F81E6371EB}.Release|Any CPU.Build.0 = Release|Any CPU
		{41174E70-A62E-4CEC-93C3-C975D2AC1075}.Debug|Any CPU.ActiveCfg = Debug|Any CPU
		{41174E70-A62E-4CEC-93C3-C975D2AC1075}.Debug|Any CPU.Build.0 = Debug|Any CPU
		{41174E70-A62E-4CEC-93C3-C975D2AC1075}.Release|Any CPU.ActiveCfg = Release|Any CPU
		{41174E70-A62E-4CEC-93C3-C975D2AC1075}.Release|Any CPU.Build.0 = Release|Any CPU
		{AC4018B1-0769-4FE7-9099-2BA4AE95949E}.Debug|Any CPU.ActiveCfg = Debug|Any CPU
		{AC4018B1-0769-4FE7-9099-2BA4AE95949E}.Debug|Any CPU.Build.0 = Debug|Any CPU
		{AC4018B1-0769-4FE7-9099-2BA4AE95949E}.Release|Any CPU.ActiveCfg = Release|Any CPU
		{AC4018B1-0769-4FE7-9099-2BA4AE95949E}.Release|Any CPU.Build.0 = Release|Any CPU
	EndGlobalSection
	GlobalSection(SolutionProperties) = preSolution
		HideSolutionNode = FALSE
	EndGlobalSection
	GlobalSection(ExtensibilityGlobals) = postSolution
		SolutionGuid = {B8B3C5E5-E082-4EDA-B4F4-352842D9949F}
	EndGlobalSection
EndGlobal
